
Microsoft Visual Studio Solution File, Format Version 12.00
# Visual Studio 15
VisualStudioVersion = 15.0.27428.2027
MinimumVisualStudioVersion = 10.0.40219.1
Project("{FAE04EC0-301F-11D3-BF4B-00C04F79EFBC}") = "File_Copy_Utility", "Form_Testing\File_Copy_Utility.csproj", "{3549D18D-5770-4AA2-8B38-DC676014CF36}"
EndProject
Global
	GlobalSection(SolutionConfigurationPlatforms) = preSolution
		Debug|Any CPU = Debug|Any CPU
		Release|Any CPU = Release|Any CPU
	EndGlobalSection
	GlobalSection(ProjectConfigurationPlatforms) = postSolution
		{3549D18D-5770-4AA2-8B38-DC676014CF36}.Debug|Any CPU.ActiveCfg = Debug|Any CPU
		{3549D18D-5770-4AA2-8B38-DC676014CF36}.Debug|Any CPU.Build.0 = Debug|Any CPU
		{3549D18D-5770-4AA2-8B38-DC676014CF36}.Release|Any CPU.ActiveCfg = Release|Any CPU
		{3549D18D-5770-4AA2-8B38-DC676014CF36}.Release|Any CPU.Build.0 = Release|Any CPU
	EndGlobalSection
	GlobalSection(SolutionProperties) = preSolution
		HideSolutionNode = FALSE
	EndGlobalSection
	GlobalSection(ExtensibilityGlobals) = postSolution
		SolutionGuid = {60701E25-C214-4279-B06E-E62F6C650BDF}
	EndGlobalSection
EndGlobal
